
Microsoft Visual Studio Solution File, Format Version 12.00
# Visual Studio 2012
Project("{FAE04EC0-301F-11D3-BF4B-00C04F79EFBC}") = "WindowsPhoneApp", "WindowsPhoneApp\WindowsPhoneApp.csproj", "{3E038190-8546-43D1-9495-985C76CB77D3}"
EndProject
Project("{FAE04EC0-301F-11D3-BF4B-00C04F79EFBC}") = "Model", "Model\Model.csproj", "{435A3B25-1C54-41B3-8A35-177CDA9EA14F}"
EndProject
Project("{2150E333-8FDC-42A3-9474-1A3956D46DE8}") = "Solution Items", "Solution Items", "{C34E7DBC-CE34-4D82-ACF6-DB3A973BC61E}"
EndProject
Project("{2150E333-8FDC-42A3-9474-1A3956D46DE8}") = "Mobile Service Scripts", "Mobile Service Scripts", "{A3FCD638-FCB4-43E2-867C-B75569F46688}"
EndProject
Project("{2150E333-8FDC-42A3-9474-1A3956D46DE8}") = "Photo Table", "Photo Table", "{387D50CF-F558-4D1E-971A-4955C5F4AD02}"
	ProjectSection(SolutionItems) = preProject
		photo insert.js = photo insert.js
	EndProjectSection
EndProject
Global
	GlobalSection(SolutionConfigurationPlatforms) = preSolution
		Debug|Any CPU = Debug|Any CPU
		Debug|ARM = Debug|ARM
		Debug|x86 = Debug|x86
		Release|Any CPU = Release|Any CPU
		Release|ARM = Release|ARM
		Release|x86 = Release|x86
	EndGlobalSection
	GlobalSection(ProjectConfigurationPlatforms) = postSolution
		{3E038190-8546-43D1-9495-985C76CB77D3}.Debug|Any CPU.ActiveCfg = Debug|Any CPU
		{3E038190-8546-43D1-9495-985C76CB77D3}.Debug|Any CPU.Build.0 = Debug|Any CPU
		{3E038190-8546-43D1-9495-985C76CB77D3}.Debug|Any CPU.Deploy.0 = Debug|Any CPU
		{3E038190-8546-43D1-9495-985C76CB77D3}.Debug|ARM.ActiveCfg = Debug|ARM
		{3E038190-8546-43D1-9495-985C76CB77D3}.Debug|ARM.Build.0 = Debug|ARM
		{3E038190-8546-43D1-9495-985C76CB77D3}.Debug|ARM.Deploy.0 = Debug|ARM
		{3E038190-8546-43D1-9495-985C76CB77D3}.Debug|x86.ActiveCfg = Debug|x86
		{3E038190-8546-43D1-9495-985C76CB77D3}.Debug|x86.Build.0 = Debug|x86
		{3E038190-8546-43D1-9495-985C76CB77D3}.Debug|x86.Deploy.0 = Debug|x86
		{3E038190-8546-43D1-9495-985C76CB77D3}.Release|Any CPU.ActiveCfg = Release|Any CPU
		{3E038190-8546-43D1-9495-985C76CB77D3}.Release|Any CPU.Build.0 = Release|Any CPU
		{3E038190-8546-43D1-9495-985C76CB77D3}.Release|Any CPU.Deploy.0 = Release|Any CPU
		{3E038190-8546-43D1-9495-985C76CB77D3}.Release|ARM.ActiveCfg = Release|ARM
		{3E038190-8546-43D1-9495-985C76CB77D3}.Release|ARM.Build.0 = Release|ARM
		{3E038190-8546-43D1-9495-985C76CB77D3}.Release|ARM.Deploy.0 = Release|ARM
		{3E038190-8546-43D1-9495-985C76CB77D3}.Release|x86.ActiveCfg = Release|x86
		{3E038190-8546-43D1-9495-985C76CB77D3}.Release|x86.Build.0 = Release|x86
		{3E038190-8546-43D1-9495-985C76CB77D3}.Release|x86.Deploy.0 = Release|x86
		{435A3B25-1C54-41B3-8A35-177CDA9EA14F}.Debug|Any CPU.ActiveCfg = Debug|Any CPU
		{435A3B25-1C54-41B3-8A35-177CDA9EA14F}.Debug|Any CPU.Build.0 = Debug|Any CPU
		{435A3B25-1C54-41B3-8A35-177CDA9EA14F}.Debug|ARM.ActiveCfg = Debug|Any CPU
		{435A3B25-1C54-41B3-8A35-177CDA9EA14F}.Debug|x86.ActiveCfg = Debug|Any CPU
		{435A3B25-1C54-41B3-8A35-177CDA9EA14F}.Release|Any CPU.ActiveCfg = Release|Any CPU
		{435A3B25-1C54-41B3-8A35-177CDA9EA14F}.Release|Any CPU.Build.0 = Release|Any CPU
		{435A3B25-1C54-41B3-8A35-177CDA9EA14F}.Release|ARM.ActiveCfg = Release|Any CPU
		{435A3B25-1C54-41B3-8A35-177CDA9EA14F}.Release|x86.ActiveCfg = Release|Any CPU
	EndGlobalSection
	GlobalSection(SolutionProperties) = preSolution
		HideSolutionNode = FALSE
	EndGlobalSection
	GlobalSection(NestedProjects) = preSolution
		{387D50CF-F558-4D1E-971A-4955C5F4AD02} = {A3FCD638-FCB4-43E2-867C-B75569F46688}
	EndGlobalSection
EndGlobal
